
Microsoft Visual Studio Solution File, Format Version 12.00
Project("{FAE04EC0-301F-11D3-BF4B-00C04F79EFBC}") = "day01", "day01\day01.csproj", "{DFCE7482-D793-431D-8DE1-E9524556691C}"
EndProject
Project("{FAE04EC0-301F-11D3-BF4B-00C04F79EFBC}") = "day02", "day02\day02.csproj", "{7A1F2443-D6AC-4D27-9E2D-0DA121F34C8F}"
EndProject
Project("{FAE04EC0-301F-11D3-BF4B-00C04F79EFBC}") = "day03", "day03\day03.csproj", "{583F7B77-F135-445C-B4F0-A7E77C4CF423}"
EndProject
Project("{FAE04EC0-301F-11D3-BF4B-00C04F79EFBC}") = "day04", "day04\day04.csproj", "{7482D08D-A8EA-4D53-9EB8-C9633CC61CDD}"
EndProject
Project("{FAE04EC0-301F-11D3-BF4B-00C04F79EFBC}") = "day05", "day05\day05.csproj", "{3DBF74B0-EA8E-47E8-B86B-30D56AACB660}"
EndProject
Project("{FAE04EC0-301F-11D3-BF4B-00C04F79EFBC}") = "day06", "day06\day06.csproj", "{DF5FBC2E-E315-457D-BE2F-47B987A129F6}"
EndProject
Project("{FAE04EC0-301F-11D3-BF4B-00C04F79EFBC}") = "day07", "day07\day07.csproj", "{7C7453FC-EBE7-45E0-AE07-D2977C5DDAF1}"
EndProject
Project("{FAE04EC0-301F-11D3-BF4B-00C04F79EFBC}") = "day08", "day08\day08.csproj", "{9878D96C-9D90-4DA8-856C-B0F2DC38C1EA}"
EndProject
Project("{FAE04EC0-301F-11D3-BF4B-00C04F79EFBC}") = "day09", "day09\day09.csproj", "{1548E0D8-D4F6-4DE9-8EC0-EC7D902530E2}"
EndProject
Project("{FAE04EC0-301F-11D3-BF4B-00C04F79EFBC}") = "day10", "day10\day10.csproj", "{5B21A384-31CA-48AB-985C-B83052B76C02}"
EndProject
Global
	GlobalSection(SolutionConfigurationPlatforms) = preSolution
		Debug|Any CPU = Debug|Any CPU
		Release|Any CPU = Release|Any CPU
	EndGlobalSection
	GlobalSection(ProjectConfigurationPlatforms) = postSolution
		{DFCE7482-D793-431D-8DE1-E9524556691C}.Debug|Any CPU.ActiveCfg = Debug|Any CPU
		{DFCE7482-D793-431D-8DE1-E9524556691C}.Debug|Any CPU.Build.0 = Debug|Any CPU
		{DFCE7482-D793-431D-8DE1-E9524556691C}.Release|Any CPU.ActiveCfg = Release|Any CPU
		{DFCE7482-D793-431D-8DE1-E9524556691C}.Release|Any CPU.Build.0 = Release|Any CPU
		{7A1F2443-D6AC-4D27-9E2D-0DA121F34C8F}.Debug|Any CPU.ActiveCfg = Debug|Any CPU
		{7A1F2443-D6AC-4D27-9E2D-0DA121F34C8F}.Debug|Any CPU.Build.0 = Debug|Any CPU
		{7A1F2443-D6AC-4D27-9E2D-0DA121F34C8F}.Release|Any CPU.ActiveCfg = Release|Any CPU
		{7A1F2443-D6AC-4D27-9E2D-0DA121F34C8F}.Release|Any CPU.Build.0 = Release|Any CPU
		{583F7B77-F135-445C-B4F0-A7E77C4CF423}.Debug|Any CPU.ActiveCfg = Debug|Any CPU
		{583F7B77-F135-445C-B4F0-A7E77C4CF423}.Debug|Any CPU.Build.0 = Debug|Any CPU
		{583F7B77-F135-445C-B4F0-A7E77C4CF423}.Release|Any CPU.ActiveCfg = Release|Any CPU
		{583F7B77-F135-445C-B4F0-A7E77C4CF423}.Release|Any CPU.Build.0 = Release|Any CPU
		{7482D08D-A8EA-4D53-9EB8-C9633CC61CDD}.Debug|Any CPU.ActiveCfg = Debug|Any CPU
		{7482D08D-A8EA-4D53-9EB8-C9633CC61CDD}.Debug|Any CPU.Build.0 = Debug|Any CPU
		{7482D08D-A8EA-4D53-9EB8-C9633CC61CDD}.Release|Any CPU.ActiveCfg = Release|Any CPU
		{7482D08D-A8EA-4D53-9EB8-C9633CC61CDD}.Release|Any CPU.Build.0 = Release|Any CPU
		{3DBF74B0-EA8E-47E8-B86B-30D56AACB660}.Debug|Any CPU.ActiveCfg = Debug|Any CPU
		{3DBF74B0-EA8E-47E8-B86B-30D56AACB660}.Debug|Any CPU.Build.0 = Debug|Any CPU
		{3DBF74B0-EA8E-47E8-B86B-30D56AACB660}.Release|Any CPU.ActiveCfg = Release|Any CPU
		{3DBF74B0-EA8E-47E8-B86B-30D56AACB660}.Release|Any CPU.Build.0 = Release|Any CPU
		{DF5FBC2E-E315-457D-BE2F-47B987A129F6}.Debug|Any CPU.ActiveCfg = Debug|Any CPU
		{DF5FBC2E-E315-457D-BE2F-47B987A129F6}.Debug|Any CPU.Build.0 = Debug|Any CPU
		{DF5FBC2E-E315-457D-BE2F-47B987A129F6}.Release|Any CPU.ActiveCfg = Release|Any CPU
		{DF5FBC2E-E315-457D-BE2F-47B987A129F6}.Release|Any CPU.Build.0 = Release|Any CPU
		{7C7453FC-EBE7-45E0-AE07-D2977C5DDAF1}.Debug|Any CPU.ActiveCfg = Debug|Any CPU
		{7C7453FC-EBE7-45E0-AE07-D2977C5DDAF1}.Debug|Any CPU.Build.0 = Debug|Any CPU
		{7C7453FC-EBE7-45E0-AE07-D2977C5DDAF1}.Release|Any CPU.ActiveCfg = Release|Any CPU
		{7C7453FC-EBE7-45E0-AE07-D2977C5DDAF1}.Release|Any CPU.Build.0 = Release|Any CPU
		{9878D96C-9D90-4DA8-856C-B0F2DC38C1EA}.Debug|Any CPU.ActiveCfg = Debug|Any CPU
		{9878D96C-9D90-4DA8-856C-B0F2DC38C1EA}.Debug|Any CPU.Build.0 = Debug|Any CPU
		{9878D96C-9D90-4DA8-856C-B0F2DC38C1EA}.Release|Any CPU.ActiveCfg = Release|Any CPU
		{9878D96C-9D90-4DA8-856C-B0F2DC38C1EA}.Release|Any CPU.Build.0 = Release|Any CPU
		{1548E0D8-D4F6-4DE9-8EC0-EC7D902530E2}.Debug|Any CPU.ActiveCfg = Debug|Any CPU
		{1548E0D8-D4F6-4DE9-8EC0-EC7D902530E2}.Debug|Any CPU.Build.0 = Debug|Any CPU
		{1548E0D8-D4F6-4DE9-8EC0-EC7D902530E2}.Release|Any CPU.ActiveCfg = Release|Any CPU
		{1548E0D8-D4F6-4DE9-8EC0-EC7D902530E2}.Release|Any CPU.Build.0 = Release|Any CPU
		{5B21A384-31CA-48AB-985C-B83052B76C02}.Debug|Any CPU.ActiveCfg = Debug|Any CPU
		{5B21A384-31CA-48AB-985C-B83052B76C02}.Debug|Any CPU.Build.0 = Debug|Any CPU
		{5B21A384-31CA-48AB-985C-B83052B76C02}.Release|Any CPU.ActiveCfg = Release|Any CPU
		{5B21A384-31CA-48AB-985C-B83052B76C02}.Release|Any CPU.Build.0 = Release|Any CPU
	EndGlobalSection
EndGlobal
