
Microsoft Visual Studio Solution File, Format Version 12.00
Project("{FAE04EC0-301F-11D3-BF4B-00C04F79EFBC}") = "day16", "day16\day16.csproj", "{8F2F69F2-6F38-472F-8284-E45C2497D031}"
EndProject
Global
	GlobalSection(SolutionConfigurationPlatforms) = preSolution
		Debug|Any CPU = Debug|Any CPU
		Release|Any CPU = Release|Any CPU
	EndGlobalSection
	GlobalSection(ProjectConfigurationPlatforms) = postSolution
		{8F2F69F2-6F38-472F-8284-E45C2497D031}.Debug|Any CPU.ActiveCfg = Debug|Any CPU
		{8F2F69F2-6F38-472F-8284-E45C2497D031}.Debug|Any CPU.Build.0 = Debug|Any CPU
		{8F2F69F2-6F38-472F-8284-E45C2497D031}.Release|Any CPU.ActiveCfg = Release|Any CPU
		{8F2F69F2-6F38-472F-8284-E45C2497D031}.Release|Any CPU.Build.0 = Release|Any CPU
	EndGlobalSection
EndGlobal
